<Solution>
  <Project Path="Simcag.PriceAnalysisService.Api/Simcag.PriceAnalysisService.Api.csproj" />
  <Project Path="Simcag.PriceAnalysisService.Application/Simcag.PriceAnalysisService.Application.csproj" />
  <Project Path="Simcag.PriceAnalysisService.Domain/Simcag.PriceAnalysisService.Domain.csproj" />
  <Project Path="Simcag.PriceAnalysisService.Infrastructure/Simcag.PriceAnalysisService.Infrastructure.csproj" />
  <Project Path="Simcag.PriceAnalysisService.Tests/Simcag.PriceAnalysisService.Tests.csproj" />
</Solution>
